
Microsoft Visual Studio Solution File, Format Version 12.00
# Visual Studio Version 16
VisualStudioVersion = 16.0.30114.105
MinimumVisualStudioVersion = 10.0.40219.1
Project("{2150E333-8FDC-42A3-9474-1A3956D46DE8}") = "src", "src", "{60015566-6CDD-4E0B-B35B-2C59D8877557}"
EndProject
Project("{FAE04EC0-301F-11D3-BF4B-00C04F79EFBC}") = "CVPZ", "src\CVPZ\CVPZ.csproj", "{5DECCB8A-29A3-4B29-971F-C97A7A072D86}"
EndProject
Project("{FAE04EC0-301F-11D3-BF4B-00C04F79EFBC}") = "CVPZ.Core", "src\CVPZ.Core\CVPZ.Core.csproj", "{A8293CDD-E295-480F-BF41-8540D342CB33}"
EndProject
Project("{FAE04EC0-301F-11D3-BF4B-00C04F79EFBC}") = "CVPZ.Infrastructure", "src\CVPZ.Infrastructure\CVPZ.Infrastructure.csproj", "{C2143A97-04A6-4C1A-992E-5543D6727E26}"
EndProject
Global
	GlobalSection(SolutionConfigurationPlatforms) = preSolution
		Debug|Any CPU = Debug|Any CPU
		Release|Any CPU = Release|Any CPU
	EndGlobalSection
	GlobalSection(SolutionProperties) = preSolution
		HideSolutionNode = FALSE
	EndGlobalSection
	GlobalSection(ProjectConfigurationPlatforms) = postSolution
		{5DECCB8A-29A3-4B29-971F-C97A7A072D86}.Debug|Any CPU.ActiveCfg = Debug|Any CPU
		{5DECCB8A-29A3-4B29-971F-C97A7A072D86}.Debug|Any CPU.Build.0 = Debug|Any CPU
		{5DECCB8A-29A3-4B29-971F-C97A7A072D86}.Release|Any CPU.ActiveCfg = Release|Any CPU
		{5DECCB8A-29A3-4B29-971F-C97A7A072D86}.Release|Any CPU.Build.0 = Release|Any CPU
		{A8293CDD-E295-480F-BF41-8540D342CB33}.Debug|Any CPU.ActiveCfg = Debug|Any CPU
		{A8293CDD-E295-480F-BF41-8540D342CB33}.Debug|Any CPU.Build.0 = Debug|Any CPU
		{A8293CDD-E295-480F-BF41-8540D342CB33}.Release|Any CPU.ActiveCfg = Release|Any CPU
		{A8293CDD-E295-480F-BF41-8540D342CB33}.Release|Any CPU.Build.0 = Release|Any CPU
		{C2143A97-04A6-4C1A-992E-5543D6727E26}.Debug|Any CPU.ActiveCfg = Debug|Any CPU
		{C2143A97-04A6-4C1A-992E-5543D6727E26}.Debug|Any CPU.Build.0 = Debug|Any CPU
		{C2143A97-04A6-4C1A-992E-5543D6727E26}.Release|Any CPU.ActiveCfg = Release|Any CPU
		{C2143A97-04A6-4C1A-992E-5543D6727E26}.Release|Any CPU.Build.0 = Release|Any CPU
	EndGlobalSection
	GlobalSection(NestedProjects) = preSolution
		{5DECCB8A-29A3-4B29-971F-C97A7A072D86} = {60015566-6CDD-4E0B-B35B-2C59D8877557}
		{A8293CDD-E295-480F-BF41-8540D342CB33} = {60015566-6CDD-4E0B-B35B-2C59D8877557}
		{C2143A97-04A6-4C1A-992E-5543D6727E26} = {60015566-6CDD-4E0B-B35B-2C59D8877557}
	EndGlobalSection
EndGlobal
