
Microsoft Visual Studio Solution File, Format Version 12.00
# Visual Studio Version 17
VisualStudioVersion = 17.1.32328.378
MinimumVisualStudioVersion = 10.0.40219.1
Project("{2150E333-8FDC-42A3-9474-1A3956D46DE8}") = "src", "src", "{60015566-6CDD-4E0B-B35B-2C59D8877557}"
EndProject
Project("{9A19103F-16F7-4668-BE54-9A1E7A4F7556}") = "CVPZ", "src\CVPZ\CVPZ.csproj", "{5DECCB8A-29A3-4B29-971F-C97A7A072D86}"
EndProject
Project("{9A19103F-16F7-4668-BE54-9A1E7A4F7556}") = "CVPZ.Core", "src\CVPZ.Core\CVPZ.Core.csproj", "{A8293CDD-E295-480F-BF41-8540D342CB33}"
EndProject
Project("{9A19103F-16F7-4668-BE54-9A1E7A4F7556}") = "CVPZ.Infrastructure", "src\CVPZ.Infrastructure\CVPZ.Infrastructure.csproj", "{C2143A97-04A6-4C1A-992E-5543D6727E26}"
EndProject
Project("{9A19103F-16F7-4668-BE54-9A1E7A4F7556}") = "CVPZ.Application", "src\CVPZ.Application\CVPZ.Application.csproj", "{A6AD0411-38D0-48A2-BE30-31DBB70AA25A}"
EndProject
Project("{9A19103F-16F7-4668-BE54-9A1E7A4F7556}") = "CVPZ.Domain", "src\CVPZ.Domain\CVPZ.Domain.csproj", "{8BE3DDF1-CA66-4873-AC55-4143AB82BDFC}"
EndProject
Project("{2150E333-8FDC-42A3-9474-1A3956D46DE8}") = "Solution Items", "Solution Items", "{FEEACE31-8768-4554-92AB-50E831B83AF3}"
	ProjectSection(SolutionItems) = preProject
		README.md = README.md
	EndProjectSection
EndProject
Project("{2150E333-8FDC-42A3-9474-1A3956D46DE8}") = "test", "test", "{DAC7C01B-A4AA-4540-B69F-231B0B735736}"
EndProject
Project("{FAE04EC0-301F-11D3-BF4B-00C04F79EFBC}") = "CVPZ.Application.Test", "test\CVPZ.Application.Test\CVPZ.Application.Test.csproj", "{AF3F25E4-F3F5-4625-ADAD-A79F5C75F226}"
EndProject
Global
	GlobalSection(SolutionConfigurationPlatforms) = preSolution
		Debug|Any CPU = Debug|Any CPU
		Release|Any CPU = Release|Any CPU
	EndGlobalSection
	GlobalSection(ProjectConfigurationPlatforms) = postSolution
		{5DECCB8A-29A3-4B29-971F-C97A7A072D86}.Debug|Any CPU.ActiveCfg = Debug|Any CPU
		{5DECCB8A-29A3-4B29-971F-C97A7A072D86}.Debug|Any CPU.Build.0 = Debug|Any CPU
		{5DECCB8A-29A3-4B29-971F-C97A7A072D86}.Release|Any CPU.ActiveCfg = Release|Any CPU
		{5DECCB8A-29A3-4B29-971F-C97A7A072D86}.Release|Any CPU.Build.0 = Release|Any CPU
		{A8293CDD-E295-480F-BF41-8540D342CB33}.Debug|Any CPU.ActiveCfg = Debug|Any CPU
		{A8293CDD-E295-480F-BF41-8540D342CB33}.Debug|Any CPU.Build.0 = Debug|Any CPU
		{A8293CDD-E295-480F-BF41-8540D342CB33}.Release|Any CPU.ActiveCfg = Release|Any CPU
		{A8293CDD-E295-480F-BF41-8540D342CB33}.Release|Any CPU.Build.0 = Release|Any CPU
		{C2143A97-04A6-4C1A-992E-5543D6727E26}.Debug|Any CPU.ActiveCfg = Debug|Any CPU
		{C2143A97-04A6-4C1A-992E-5543D6727E26}.Debug|Any CPU.Build.0 = Debug|Any CPU
		{C2143A97-04A6-4C1A-992E-5543D6727E26}.Release|Any CPU.ActiveCfg = Release|Any CPU
		{C2143A97-04A6-4C1A-992E-5543D6727E26}.Release|Any CPU.Build.0 = Release|Any CPU
		{A6AD0411-38D0-48A2-BE30-31DBB70AA25A}.Debug|Any CPU.ActiveCfg = Debug|Any CPU
		{A6AD0411-38D0-48A2-BE30-31DBB70AA25A}.Debug|Any CPU.Build.0 = Debug|Any CPU
		{A6AD0411-38D0-48A2-BE30-31DBB70AA25A}.Release|Any CPU.ActiveCfg = Release|Any CPU
		{A6AD0411-38D0-48A2-BE30-31DBB70AA25A}.Release|Any CPU.Build.0 = Release|Any CPU
		{8BE3DDF1-CA66-4873-AC55-4143AB82BDFC}.Debug|Any CPU.ActiveCfg = Debug|Any CPU
		{8BE3DDF1-CA66-4873-AC55-4143AB82BDFC}.Debug|Any CPU.Build.0 = Debug|Any CPU
		{8BE3DDF1-CA66-4873-AC55-4143AB82BDFC}.Release|Any CPU.ActiveCfg = Release|Any CPU
		{8BE3DDF1-CA66-4873-AC55-4143AB82BDFC}.Release|Any CPU.Build.0 = Release|Any CPU
		{AF3F25E4-F3F5-4625-ADAD-A79F5C75F226}.Debug|Any CPU.ActiveCfg = Debug|Any CPU
		{AF3F25E4-F3F5-4625-ADAD-A79F5C75F226}.Debug|Any CPU.Build.0 = Debug|Any CPU
		{AF3F25E4-F3F5-4625-ADAD-A79F5C75F226}.Release|Any CPU.ActiveCfg = Release|Any CPU
		{AF3F25E4-F3F5-4625-ADAD-A79F5C75F226}.Release|Any CPU.Build.0 = Release|Any CPU
	EndGlobalSection
	GlobalSection(SolutionProperties) = preSolution
		HideSolutionNode = FALSE
	EndGlobalSection
	GlobalSection(NestedProjects) = preSolution
		{5DECCB8A-29A3-4B29-971F-C97A7A072D86} = {60015566-6CDD-4E0B-B35B-2C59D8877557}
		{A8293CDD-E295-480F-BF41-8540D342CB33} = {60015566-6CDD-4E0B-B35B-2C59D8877557}
		{C2143A97-04A6-4C1A-992E-5543D6727E26} = {60015566-6CDD-4E0B-B35B-2C59D8877557}
		{A6AD0411-38D0-48A2-BE30-31DBB70AA25A} = {60015566-6CDD-4E0B-B35B-2C59D8877557}
		{8BE3DDF1-CA66-4873-AC55-4143AB82BDFC} = {60015566-6CDD-4E0B-B35B-2C59D8877557}
		{AF3F25E4-F3F5-4625-ADAD-A79F5C75F226} = {DAC7C01B-A4AA-4540-B69F-231B0B735736}
	EndGlobalSection
	GlobalSection(ExtensibilityGlobals) = postSolution
		SolutionGuid = {80563802-2C30-47CE-8714-4495A9060033}
	EndGlobalSection
EndGlobal
